
Microsoft Visual Studio Solution File, Format Version 10.00
# Visual Studio 2008
Project("{8BC9CEB8-8B4A-11D0-8D11-00A0C91BC942}") = "YateComServer", "YateComServer\YateComServer.vcproj", "{8068C092-D896-4876-BF10-7892C512F4E7}"
EndProject
Project("{F184B08F-C81C-45F6-A57F-5ABD9991F28F}") = "WindowsApplication1", "WindowsApplication1\WindowsApplication1.vbproj", "{D8304DAB-EFF8-42E8-A604-B7BC6DE6A2D0}"
EndProject
Global
	GlobalSection(SolutionConfigurationPlatforms) = preSolution
		Debug|Any CPU = Debug|Any CPU
		Debug|Mixed Platforms = Debug|Mixed Platforms
		Debug|Win32 = Debug|Win32
		Release|Any CPU = Release|Any CPU
		Release|Mixed Platforms = Release|Mixed Platforms
		Release|Win32 = Release|Win32
	EndGlobalSection
	GlobalSection(ProjectConfigurationPlatforms) = postSolution
		{8068C092-D896-4876-BF10-7892C512F4E7}.Debug|Any CPU.ActiveCfg = Debug|Win32
		{8068C092-D896-4876-BF10-7892C512F4E7}.Debug|Mixed Platforms.ActiveCfg = Debug|Win32
		{8068C092-D896-4876-BF10-7892C512F4E7}.Debug|Mixed Platforms.Build.0 = Debug|Win32
		{8068C092-D896-4876-BF10-7892C512F4E7}.Debug|Win32.ActiveCfg = Debug|Win32
		{8068C092-D896-4876-BF10-7892C512F4E7}.Debug|Win32.Build.0 = Debug|Win32
		{8068C092-D896-4876-BF10-7892C512F4E7}.Release|Any CPU.ActiveCfg = Release|Win32
		{8068C092-D896-4876-BF10-7892C512F4E7}.Release|Mixed Platforms.ActiveCfg = Release|Win32
		{8068C092-D896-4876-BF10-7892C512F4E7}.Release|Mixed Platforms.Build.0 = Release|Win32
		{8068C092-D896-4876-BF10-7892C512F4E7}.Release|Win32.ActiveCfg = Release|Win32
		{8068C092-D896-4876-BF10-7892C512F4E7}.Release|Win32.Build.0 = Release|Win32
		{D8304DAB-EFF8-42E8-A604-B7BC6DE6A2D0}.Debug|Any CPU.ActiveCfg = Debug|Any CPU
		{D8304DAB-EFF8-42E8-A604-B7BC6DE6A2D0}.Debug|Any CPU.Build.0 = Debug|Any CPU
		{D8304DAB-EFF8-42E8-A604-B7BC6DE6A2D0}.Debug|Mixed Platforms.ActiveCfg = Debug|Any CPU
		{D8304DAB-EFF8-42E8-A604-B7BC6DE6A2D0}.Debug|Mixed Platforms.Build.0 = Debug|Any CPU
		{D8304DAB-EFF8-42E8-A604-B7BC6DE6A2D0}.Debug|Win32.ActiveCfg = Debug|Any CPU
		{D8304DAB-EFF8-42E8-A604-B7BC6DE6A2D0}.Release|Any CPU.ActiveCfg = Release|Any CPU
		{D8304DAB-EFF8-42E8-A604-B7BC6DE6A2D0}.Release|Any CPU.Build.0 = Release|Any CPU
		{D8304DAB-EFF8-42E8-A604-B7BC6DE6A2D0}.Release|Mixed Platforms.ActiveCfg = Release|Any CPU
		{D8304DAB-EFF8-42E8-A604-B7BC6DE6A2D0}.Release|Mixed Platforms.Build.0 = Release|Any CPU
		{D8304DAB-EFF8-42E8-A604-B7BC6DE6A2D0}.Release|Win32.ActiveCfg = Release|Any CPU
	EndGlobalSection
	GlobalSection(SolutionProperties) = preSolution
		HideSolutionNode = FALSE
	EndGlobalSection
EndGlobal
